
Microsoft Visual Studio Solution File, Format Version 12.00
# Visual Studio Version 17
VisualStudioVersion = 17.5.33530.505
MinimumVisualStudioVersion = 10.0.40219.1
Project("{FAE04EC0-301F-11D3-BF4B-00C04F79EFBC}") = "DynamicsTMS365", "DynamicsTMS365\DynamicsTMS365.csproj", "{F03A9900-1972-4B74-B291-3BED8F6C2BD9}"
EndProject
Project("{FAE04EC0-301F-11D3-BF4B-00C04F79EFBC}") = "DynamicsTMS365.Tests", "DynamicsTMS365.Tests\DynamicsTMS365.Tests.csproj", "{0AF30C38-1A1C-4E6D-971D-9A08DADCFC88}"
EndProject
Project("{FAE04EC0-301F-11D3-BF4B-00C04F79EFBC}") = "NGL.UTC.Library", "NGL.UTC.Library\NGL.UTC.Library.csproj", "{1478BB90-10B8-49DB-B208-2D106C498F66}"
EndProject
Global
	GlobalSection(SolutionConfigurationPlatforms) = preSolution
		Debug|Any CPU = Debug|Any CPU
		Release|Any CPU = Release|Any CPU
	EndGlobalSection
	GlobalSection(ProjectConfigurationPlatforms) = postSolution
		{F03A9900-1972-4B74-B291-3BED8F6C2BD9}.Debug|Any CPU.ActiveCfg = Debug|Any CPU
		{F03A9900-1972-4B74-B291-3BED8F6C2BD9}.Debug|Any CPU.Build.0 = Debug|Any CPU
		{F03A9900-1972-4B74-B291-3BED8F6C2BD9}.Release|Any CPU.ActiveCfg = Release|Any CPU
		{F03A9900-1972-4B74-B291-3BED8F6C2BD9}.Release|Any CPU.Build.0 = Release|Any CPU
		{0AF30C38-1A1C-4E6D-971D-9A08DADCFC88}.Debug|Any CPU.ActiveCfg = Debug|Any CPU
		{0AF30C38-1A1C-4E6D-971D-9A08DADCFC88}.Release|Any CPU.ActiveCfg = Release|Any CPU
		{1478BB90-10B8-49DB-B208-2D106C498F66}.Debug|Any CPU.ActiveCfg = Debug|Any CPU
		{1478BB90-10B8-49DB-B208-2D106C498F66}.Debug|Any CPU.Build.0 = Debug|Any CPU
		{1478BB90-10B8-49DB-B208-2D106C498F66}.Release|Any CPU.ActiveCfg = Release|Any CPU
		{1478BB90-10B8-49DB-B208-2D106C498F66}.Release|Any CPU.Build.0 = Release|Any CPU
	EndGlobalSection
	GlobalSection(SolutionProperties) = preSolution
		HideSolutionNode = FALSE
	EndGlobalSection
	GlobalSection(ExtensibilityGlobals) = postSolution
		SolutionGuid = {54FB228D-4EB1-419E-892D-91E75A83A29F}
	EndGlobalSection
	GlobalSection(TeamFoundationVersionControl) = preSolution
		SccNumberOfProjects = 4
		SccEnterpriseProvider = {4CA58AB2-18FA-4F8D-95D4-32DDF27D184C}
		SccTeamFoundationServer = https://dynamicstms365.visualstudio.com/
		SccLocalPath0 = .
		SccProjectUniqueName1 = DynamicsTMS365.Tests\\DynamicsTMS365.Tests.csproj
		SccProjectName1 = DynamicsTMS365.Tests
		SccLocalPath1 = DynamicsTMS365.Tests
		SccProjectUniqueName2 = DynamicsTMS365\\DynamicsTMS365.csproj
		SccProjectName2 = DynamicsTMS365
		SccLocalPath2 = DynamicsTMS365
		SccProjectUniqueName3 = NGL.UTC.Library\\NGL.UTC.Library.csproj
		SccProjectName3 = NGL.UTC.Library
		SccLocalPath3 = NGL.UTC.Library
	EndGlobalSection
EndGlobal
